{
  "name": "gifblocks",
  "version": "0.0.0",
  "lockfileVersion": 1,
  "requires": true,
  "dependencies": {
    "Base64": {
      "version": "0.1.4",
      "resolved": "https://registry.npmjs.org/Base64/-/Base64-0.1.4.tgz",
      "integrity": "sha1-6fbGvvVn/WNepBYqsU3TKedKpt4=",
      "dev": true
    },
    "JSONStream": {
      "version": "0.4.4",
      "resolved": "http://registry.npmjs.org/JSONStream/-/JSONStream-0.4.4.tgz",
      "integrity": "sha1-zCzxGShsRb4VBCPLwSjUgOm1SuI=",
      "dev": true,
      "requires": {
        "jsonparse": "0.0.5"
      }
    },
    "aabb-3d": {
      "version": "0.0.0",
      "resolved": "https://registry.npmjs.org/aabb-3d/-/aabb-3d-0.0.0.tgz",
      "integrity": "sha1-Ij71eYp0fR1d+2VVpMatlC4XGcg=",
      "requires": {
        "gl-matrix": "2.X.X"
      }
    },
    "amdefine": {
      "version": "1.0.1",
      "resolved": "https://registry.npmjs.org/amdefine/-/amdefine-1.0.1.tgz",
      "integrity": "sha1-SlKCrBZHKek2Gbz9OtFR+BfOkfU=",
      "dev": true
    },
    "astw": {
      "version": "0.0.0",
      "resolved": "https://registry.npmjs.org/astw/-/astw-0.0.0.tgz",
      "integrity": "sha1-RJCGaj7xFqr5GtumPKfd9wttWb0=",
      "dev": true,
      "requires": {
        "esprima": "1.0.2"
      },
      "dependencies": {
        "esprima": {
          "version": "1.0.2",
          "resolved": "https://registry.npmjs.org/esprima/-/esprima-1.0.2.tgz",
          "integrity": "sha1-gDm/nOrE2dLBX2IyZPspK1UCzq8=",
          "dev": true
        }
      }
    },
    "backoff": {
      "version": "1.0.0",
      "resolved": "https://registry.npmjs.org/backoff/-/backoff-1.0.0.tgz",
      "integrity": "sha1-AJgveBWOxtA/mWk+wPtfeyrR4o4=",
      "dev": true
    },
    "bal-util": {
      "version": "1.13.13",
      "resolved": "https://registry.npmjs.org/bal-util/-/bal-util-1.13.13.tgz",
      "integrity": "sha1-YyxJUgo2fsWqhUaI4Qgn2bUZMl8=",
      "dev": true
    },
    "base64-js": {
      "version": "0.0.2",
      "resolved": "https://registry.npmjs.org/base64-js/-/base64-js-0.0.2.tgz",
      "integrity": "sha1-Ak8Pcq+iW3X5wO5zzU9V7Bvtl4Q=",
      "dev": true
    },
    "beefy": {
      "version": "0.0.11",
      "resolved": "https://registry.npmjs.org/beefy/-/beefy-0.0.11.tgz",
      "integrity": "sha1-dFXw/EX953ZMyUD99PB8NW38lq4=",
      "dev": true,
      "requires": {
        "colors": "~0.6.0-1",
        "filed": "0.0.7",
        "live-reload": "~0.2.0",
        "optimist": "~0.3.5",
        "response-stream": "0.0.0",
        "through": "~2.2.0"
      },
      "dependencies": {
        "through": {
          "version": "2.2.7",
          "resolved": "http://registry.npmjs.org/through/-/through-2.2.7.tgz",
          "integrity": "sha1-bo4hIAGR1OtqmfbwEN9Gqhxusr0=",
          "dev": true
        }
      }
    },
    "bops": {
      "version": "0.0.6",
      "resolved": "https://registry.npmjs.org/bops/-/bops-0.0.6.tgz",
      "integrity": "sha1-CC0dVfoB5g29wuvC26N/ZZVUzzo=",
      "dev": true,
      "requires": {
        "base64-js": "0.0.2",
        "to-utf8": "0.0.1"
      }
    },
    "browser-pack": {
      "version": "0.7.1",
      "resolved": "https://registry.npmjs.org/browser-pack/-/browser-pack-0.7.1.tgz",
      "integrity": "sha1-duoZrrQXUsmr2fS3AAF7N1RX9wk=",
      "dev": true,
      "requires": {
        "JSONStream": "~0.4.3",
        "combine-source-map": "~0.1.1",
        "duplexer": "~0.0.3",
        "through": "~2.2.0",
        "uglify-js": "1.3.4"
      },
      "dependencies": {
        "through": {
          "version": "2.2.7",
          "resolved": "http://registry.npmjs.org/through/-/through-2.2.7.tgz",
          "integrity": "sha1-bo4hIAGR1OtqmfbwEN9Gqhxusr0=",
          "dev": true
        }
      }
    },
    "browser-resolve": {
      "version": "0.1.1",
      "resolved": "https://registry.npmjs.org/browser-resolve/-/browser-resolve-0.1.1.tgz",
      "integrity": "sha1-Mdra8yFkkF/xQu67jO0U59X+a68=",
      "dev": true,
      "requires": {
        "buffer-browserify": "0.0.5",
        "console-browserify": "0.1.6",
        "crypto-browserify": "0.2.1",
        "http-browserify": "0.1.11",
        "resolve": "0.3.1",
        "vm-browserify": "0.0.1",
        "zlib-browserify": "0.0.1"
      },
      "dependencies": {
        "concat-stream": {
          "version": "0.0.8",
          "resolved": "https://registry.npmjs.org/concat-stream/-/concat-stream-0.0.8.tgz",
          "integrity": "sha1-p+p50MywtASZCR25MAUPswT2LX0=",
          "dev": true
        },
        "crypto-browserify": {
          "version": "0.2.1",
          "resolved": "http://registry.npmjs.org/crypto-browserify/-/crypto-browserify-0.2.1.tgz",
          "integrity": "sha1-MD7ZBG+GBKPXw17EptRtImhxIHg=",
          "dev": true
        },
        "http-browserify": {
          "version": "0.1.11",
          "resolved": "https://registry.npmjs.org/http-browserify/-/http-browserify-0.1.11.tgz",
          "integrity": "sha1-rINRjWJc4+JtFt87SeZTg8NxgE8=",
          "dev": true,
          "requires": {
            "concat-stream": "0.0.8"
          }
        },
        "resolve": {
          "version": "0.3.1",
          "resolved": "https://registry.npmjs.org/resolve/-/resolve-0.3.1.tgz",
          "integrity": "sha1-NMY0R8ZkxwWY0cmxJvxDsqJDEKQ=",
          "dev": true
        },
        "vm-browserify": {
          "version": "0.0.1",
          "resolved": "https://registry.npmjs.org/vm-browserify/-/vm-browserify-0.0.1.tgz",
          "integrity": "sha1-UdJZeTZqshnf41o/xl7NavNjHVQ=",
          "dev": true
        }
      }
    },
    "browserify": {
      "version": "2.11.0",
      "resolved": "http://registry.npmjs.org/browserify/-/browserify-2.11.0.tgz",
      "integrity": "sha1-NvxNL4OoxhHuCoIas1oUHqZcfIQ=",
      "dev": true,
      "requires": {
        "JSONStream": "~0.4.3",
        "browser-pack": "~0.7.0",
        "browser-resolve": "~0.1.1",
        "concat-stream": "~0.1.1",
        "duplexer": "~0.0.2",
        "inherits": "~1.0.0",
        "insert-module-globals": "~0.2.0",
        "module-deps": "~0.6.0",
        "optimist": "~0.3.5",
        "shell-quote": "~0.0.1",
        "syntax-error": "~0.0.0",
        "through": "~2.2.0",
        "umd": "~1.1.0"
      },
      "dependencies": {
        "concat-stream": {
          "version": "0.1.1",
          "resolved": "https://registry.npmjs.org/concat-stream/-/concat-stream-0.1.1.tgz",
          "integrity": "sha1-1/TieLkM/E8PPvd/5MA7QOs/eQA=",
          "dev": true
        },
        "through": {
          "version": "2.2.7",
          "resolved": "http://registry.npmjs.org/through/-/through-2.2.7.tgz",
          "integrity": "sha1-bo4hIAGR1OtqmfbwEN9Gqhxusr0=",
          "dev": true
        }
      }
    },
    "browserify-server": {
      "version": "2.0.4",
      "resolved": "https://registry.npmjs.org/browserify-server/-/browserify-server-2.0.4.tgz",
      "integrity": "sha1-tkpfTquQv3ZBj5SSZk20H5xPeoY=",
      "dev": true,
      "requires": {
        "browserify": "~1.16.1",
        "ecstatic": "~0.1.6",
        "filed": "0.0.7",
        "optimist": "~0.3.4"
      },
      "dependencies": {
        "browserify": {
          "version": "1.16.8",
          "resolved": "http://registry.npmjs.org/browserify/-/browserify-1.16.8.tgz",
          "integrity": "sha1-0zeIztuyZh6y73ePXiDe1p1FHwE=",
          "dev": true,
          "requires": {
            "buffer-browserify": "~0.0.1",
            "coffee-script": "1.x.x",
            "commondir": "~0.0.1",
            "crypto-browserify": "~0",
            "deputy": "~0.0.3",
            "detective": "~0.2.0",
            "http-browserify": "~0.1.1",
            "nub": "~0.0.0",
            "optimist": "~0.3.4",
            "resolve": "~0.2.0",
            "syntax-error": "~0.0.0",
            "vm-browserify": "~0.0.0"
          }
        }
      }
    },
    "buffer-browserify": {
      "version": "0.0.5",
      "resolved": "https://registry.npmjs.org/buffer-browserify/-/buffer-browserify-0.0.5.tgz",
      "integrity": "sha1-iqaGMciogpxqTufvmjrH8sMemD4=",
      "dev": true,
      "requires": {
        "base64-js": "0.0.2"
      }
    },
    "callsite": {
      "version": "1.0.0",
      "resolved": "https://registry.npmjs.org/callsite/-/callsite-1.0.0.tgz",
      "integrity": "sha1-KAOY5dZkvXQDi28JBRU+borxvCA=",
      "dev": true
    },
    "coffee-script": {
      "version": "1.12.7",
      "resolved": "https://registry.npmjs.org/coffee-script/-/coffee-script-1.12.7.tgz",
      "integrity": "sha512-fLeEhqwymYat/MpTPUjSKHVYYl0ec2mOyALEMLmzr5i1isuG+6jfI2j2d5oBO3VIzgUXgBVIcOT9uH1TFxBckw==",
      "dev": true
    },
    "collide-3d-tilemap": {
      "version": "0.0.1",
      "resolved": "https://registry.npmjs.org/collide-3d-tilemap/-/collide-3d-tilemap-0.0.1.tgz",
      "integrity": "sha1-OPya5LBADc+DcKYZihUQPPGf1V8="
    },
    "colors": {
      "version": "0.6.2",
      "resolved": "http://registry.npmjs.org/colors/-/colors-0.6.2.tgz",
      "integrity": "sha1-JCP+ZnisDF2uiFLl0OW+CMmXq8w=",
      "dev": true
    },
    "combine-source-map": {
      "version": "0.1.3",
      "resolved": "https://registry.npmjs.org/combine-source-map/-/combine-source-map-0.1.3.tgz",
      "integrity": "sha1-3bdZOg8WcriCEnAiUBR7xOnqlc8=",
      "dev": true,
      "requires": {
        "convert-source-map": "~0.2.3",
        "inline-source-map": "~0.2.1",
        "parse-base64vlq-mappings": "~0.1.1"
      }
    },
    "commondir": {
      "version": "0.0.2",
      "resolved": "https://registry.npmjs.org/commondir/-/commondir-0.0.2.tgz",
      "integrity": "sha1-xJyIgMb+loRLs1Jd0ucxQFDDie4=",
      "dev": true
    },
    "concat-stream": {
      "version": "1.0.1",
      "resolved": "https://registry.npmjs.org/concat-stream/-/concat-stream-1.0.1.tgz",
      "integrity": "sha1-AYsYvBx9BzotyCqkhEI0GixN158=",
      "dev": true,
      "requires": {
        "bops": "0.0.6"
      }
    },
    "console-browserify": {
      "version": "0.1.6",
      "resolved": "https://registry.npmjs.org/console-browserify/-/console-browserify-0.1.6.tgz",
      "integrity": "sha1-0SijwLuINQ61YmxufHGm8P1ImDw=",
      "dev": true
    },
    "convert-source-map": {
      "version": "0.2.6",
      "resolved": "http://registry.npmjs.org/convert-source-map/-/convert-source-map-0.2.6.tgz",
      "integrity": "sha1-rg7XNuimNEpYtQqJRyPeXIUd4tQ=",
      "dev": true
    },
    "crypto-browserify": {
      "version": "0.4.0",
      "resolved": "http://registry.npmjs.org/crypto-browserify/-/crypto-browserify-0.4.0.tgz",
      "integrity": "sha1-JG9qM3uITJn/6L+whaGEruYMM/M=",
      "dev": true
    },
    "deputy": {
      "version": "0.0.4",
      "resolved": "https://registry.npmjs.org/deputy/-/deputy-0.0.4.tgz",
      "integrity": "sha1-7cAKnvXFNSfEBTKFNMmXla2kHL8=",
      "dev": true,
      "requires": {
        "detective": "~0.2.0",
        "mkdirp": "~0.3.3"
      }
    },
    "detective": {
      "version": "0.2.1",
      "resolved": "https://registry.npmjs.org/detective/-/detective-0.2.1.tgz",
      "integrity": "sha1-nOkmAf0iOBDClDKtA0+MYti4ZU8=",
      "dev": true,
      "requires": {
        "esprima": "~0.9.9"
      }
    },
    "domnode": {
      "version": "0.0.3",
      "resolved": "https://registry.npmjs.org/domnode/-/domnode-0.0.3.tgz",
      "integrity": "sha1-qLsNjqjUlEVdDB+yLlZFxk2wxL4=",
      "requires": {
        "mustache": "0.4.0"
      }
    },
    "domnode-dom": {
      "version": "0.0.4",
      "resolved": "https://registry.npmjs.org/domnode-dom/-/domnode-dom-0.0.4.tgz",
      "integrity": "sha1-TGbSbq8eTxr1bt6Fk+xPv82djo8=",
      "requires": {
        "domnode": "~0.0.3"
      }
    },
    "drag-stream": {
      "version": "0.0.2",
      "resolved": "https://registry.npmjs.org/drag-stream/-/drag-stream-0.0.2.tgz",
      "integrity": "sha1-UtbkD6S4MXgBSmHlTrJdxJnR+w8=",
      "requires": {
        "domnode-dom": "~0.0.X",
        "through": "~1.1.1"
      }
    },
    "duplexer": {
      "version": "0.0.4",
      "resolved": "http://registry.npmjs.org/duplexer/-/duplexer-0.0.4.tgz",
      "integrity": "sha1-r8t/H4uNdPggcmFx1dZKyeSo/yA=",
      "dev": true
    },
    "ecstatic": {
      "version": "0.1.7",
      "resolved": "http://registry.npmjs.org/ecstatic/-/ecstatic-0.1.7.tgz",
      "integrity": "sha1-siEFaHicAp9hDqTgA5W7r2IgEDQ=",
      "dev": true,
      "requires": {
        "ent": "0.0.x",
        "mime": "1.2.5"
      }
    },
    "element-class": {
      "version": "0.0.2",
      "resolved": "https://registry.npmjs.org/element-class/-/element-class-0.0.2.tgz",
      "integrity": "sha1-7IQGaslvC1htez9bNVym0TM5/po="
    },
    "ent": {
      "version": "0.0.7",
      "resolved": "https://registry.npmjs.org/ent/-/ent-0.0.7.tgz",
      "integrity": "sha1-g11Of556jUkhxpLpAQ7JdtpemUk=",
      "dev": true
    },
    "escodegen": {
      "version": "0.0.15",
      "resolved": "https://registry.npmjs.org/escodegen/-/escodegen-0.0.15.tgz",
      "integrity": "sha1-/9qcsmtws098wZ8diHVlOa+1Q70=",
      "dev": true,
      "requires": {
        "esprima": ">= 1.0.0",
        "source-map": ">= 0.1.2"
      },
      "dependencies": {
        "esprima": {
          "version": "4.0.1",
          "resolved": "https://registry.npmjs.org/esprima/-/esprima-4.0.1.tgz",
          "integrity": "sha512-eGuFFw7Upda+g4p+QHvnW0RyTX/SVeJBDM/gCtMARO0cLuT2HcEKnTPvhjV6aGeqrCB/sbNop0Kszm0jsaWU4A==",
          "dev": true
        }
      }
    },
    "esprima": {
      "version": "0.9.9",
      "resolved": "https://registry.npmjs.org/esprima/-/esprima-0.9.9.tgz",
      "integrity": "sha1-G5CSXJddYy1ygpOcO7nDpCPDBJA=",
      "dev": true
    },
    "ever": {
      "version": "0.0.3",
      "resolved": "https://registry.npmjs.org/ever/-/ever-0.0.3.tgz",
      "integrity": "sha1-zqRspV9ZmbS7vTv8deJh1wPGFUM="
    },
    "extend": {
      "version": "1.1.3",
      "resolved": "https://registry.npmjs.org/extend/-/extend-1.1.3.tgz",
      "integrity": "sha1-WuPRLjMAmHnftXTpEaLaHj2invQ=",
      "dev": true
    },
    "faye-websocket": {
      "version": "0.4.4",
      "resolved": "https://registry.npmjs.org/faye-websocket/-/faye-websocket-0.4.4.tgz",
      "integrity": "sha1-wUxbO/FNdBf/v9mQwKdJXNnzN7w=",
      "dev": true
    },
    "filed": {
      "version": "0.0.7",
      "resolved": "https://registry.npmjs.org/filed/-/filed-0.0.7.tgz",
      "integrity": "sha1-MIfsUx+5p4YApuyOCxBuLFdNl3M=",
      "dev": true
    },
    "fullscreen": {
      "version": "0.0.1",
      "resolved": "https://registry.npmjs.org/fullscreen/-/fullscreen-0.0.1.tgz",
      "integrity": "sha1-o2jH9tTV0OpV8CHJJsrlWDcL8E8="
    },
    "gl-matrix": {
      "version": "2.0.0",
      "resolved": "http://registry.npmjs.org/gl-matrix/-/gl-matrix-2.0.0.tgz",
      "integrity": "sha1-BuzYsrYN5KDbxE1smMoxZvwArRo="
    },
    "h": {
      "version": "0.1.0",
      "resolved": "https://registry.npmjs.org/h/-/h-0.1.0.tgz",
      "integrity": "sha1-JCEf4dnO8rNsro/4JVYG6hLs37U=",
      "dev": true
    },
    "hound": {
      "version": "1.0.5",
      "resolved": "https://registry.npmjs.org/hound/-/hound-1.0.5.tgz",
      "integrity": "sha1-WbvTkiDrSlQd/04t40HW2vb4ook=",
      "dev": true
    },
    "http-browserify": {
      "version": "0.1.14",
      "resolved": "https://registry.npmjs.org/http-browserify/-/http-browserify-0.1.14.tgz",
      "integrity": "sha1-nIs/lAAiBFR8fL5Saa/i6mL3HH8=",
      "dev": true,
      "requires": {
        "Base64": "~0.1.2",
        "concat-stream": "~1.0.0"
      }
    },
    "indexof": {
      "version": "0.0.1",
      "resolved": "https://registry.npmjs.org/indexof/-/indexof-0.0.1.tgz",
      "integrity": "sha1-gtwzbSMrkGIXnQWrMpOmYFn9Q10=",
      "dev": true
    },
    "inherits": {
      "version": "1.0.0",
      "resolved": "https://registry.npmjs.org/inherits/-/inherits-1.0.0.tgz",
      "integrity": "sha1-OOGXUoW/H3upyE2hArsSdxMirEg="
    },
    "inline-source-map": {
      "version": "0.2.5",
      "resolved": "https://registry.npmjs.org/inline-source-map/-/inline-source-map-0.2.5.tgz",
      "integrity": "sha1-JC/2wYufsJNPep6DwUIZxhwTFnA=",
      "dev": true,
      "requires": {
        "source-map": "~0.1.25"
      }
    },
    "insert-module-globals": {
      "version": "0.2.1",
      "resolved": "https://registry.npmjs.org/insert-module-globals/-/insert-module-globals-0.2.1.tgz",
      "integrity": "sha1-/4QL+WBkAzx/rn4SKqJIIZA0gF4=",
      "dev": true,
      "requires": {
        "JSONStream": "~0.4.3",
        "commondir": "~0.0.1",
        "duplexer": "~0.0.3",
        "lexical-scope": "~0.0.5",
        "process": "~0.5.1",
        "through": "~2.2.0"
      },
      "dependencies": {
        "through": {
          "version": "2.2.7",
          "resolved": "http://registry.npmjs.org/through/-/through-2.2.7.tgz",
          "integrity": "sha1-bo4hIAGR1OtqmfbwEN9Gqhxusr0=",
          "dev": true
        }
      }
    },
    "interact": {
      "version": "0.0.2",
      "resolved": "https://registry.npmjs.org/interact/-/interact-0.0.2.tgz",
      "integrity": "sha1-SCMEPcy7FFoyBDbK8CkKjLnA+XM=",
      "requires": {
        "drag-stream": "0.0.2",
        "fullscreen": "0.0.1",
        "pointer-lock": "0.0.3"
      }
    },
    "jsonparse": {
      "version": "0.0.5",
      "resolved": "https://registry.npmjs.org/jsonparse/-/jsonparse-0.0.5.tgz",
      "integrity": "sha1-MwVCrT8KZUZlt3jz6y2an6UHrGQ=",
      "dev": true
    },
    "kb-controls": {
      "version": "0.0.2",
      "resolved": "https://registry.npmjs.org/kb-controls/-/kb-controls-0.0.2.tgz",
      "integrity": "sha1-dKYXzWU5PgVnlICdHTCIFh72+kA=",
      "requires": {
        "ever": "X.X.X",
        "vkey": "X.X.X"
      }
    },
    "lexical-scope": {
      "version": "0.0.15",
      "resolved": "https://registry.npmjs.org/lexical-scope/-/lexical-scope-0.0.15.tgz",
      "integrity": "sha1-yllZl6rth7FVywQfSNwEOPSKBNw=",
      "dev": true,
      "requires": {
        "astw": "~0.0.0"
      }
    },
    "live-reload": {
      "version": "0.2.0",
      "resolved": "https://registry.npmjs.org/live-reload/-/live-reload-0.2.0.tgz",
      "integrity": "sha1-/Ass5KoZALIFXqfuJcHD/gq6z3M=",
      "dev": true,
      "requires": {
        "browserify-server": "~2.0.3",
        "filed": "0.0.7",
        "hound": "~1.0.4",
        "optimist": "~0.3.4",
        "reconnect": "~0.1.3",
        "shoe": "0.0.5",
        "watchr": "~2.1.5"
      }
    },
    "mime": {
      "version": "1.2.5",
      "resolved": "https://registry.npmjs.org/mime/-/mime-1.2.5.tgz",
      "integrity": "sha1-nu0HMCKov14WyFZsaGe4gyv7+hM=",
      "dev": true
    },
    "minecraft-skin": {
      "version": "0.1.2",
      "resolved": "https://registry.npmjs.org/minecraft-skin/-/minecraft-skin-0.1.2.tgz",
      "integrity": "sha1-l+GyzKcLcmeDI4VCSBD4KGVyrHs=",
      "dev": true
    },
    "mkdirp": {
      "version": "0.3.5",
      "resolved": "http://registry.npmjs.org/mkdirp/-/mkdirp-0.3.5.tgz",
      "integrity": "sha1-3j5fiWHIjHh+4TaN+EmsRBPsqNc=",
      "dev": true
    },
    "module-deps": {
      "version": "0.6.2",
      "resolved": "https://registry.npmjs.org/module-deps/-/module-deps-0.6.2.tgz",
      "integrity": "sha1-CqVBPpCFi/6j2j4KwJsCj3iYnCc=",
      "dev": true,
      "requires": {
        "JSONStream": "~0.4.3",
        "browser-resolve": "~0.1.0",
        "concat-stream": "~0.1.1",
        "detective": "~2.1.1",
        "resolve": "~0.3.0",
        "through": "~2.2.0"
      },
      "dependencies": {
        "concat-stream": {
          "version": "0.1.1",
          "resolved": "https://registry.npmjs.org/concat-stream/-/concat-stream-0.1.1.tgz",
          "integrity": "sha1-1/TieLkM/E8PPvd/5MA7QOs/eQA=",
          "dev": true
        },
        "detective": {
          "version": "2.1.2",
          "resolved": "https://registry.npmjs.org/detective/-/detective-2.1.2.tgz",
          "integrity": "sha1-0irZ8YyC77P1X+4uJEiD2mu7jjc=",
          "dev": true,
          "requires": {
            "escodegen": "0.0.15",
            "esprima": "1.0.2"
          }
        },
        "esprima": {
          "version": "1.0.2",
          "resolved": "https://registry.npmjs.org/esprima/-/esprima-1.0.2.tgz",
          "integrity": "sha1-gDm/nOrE2dLBX2IyZPspK1UCzq8=",
          "dev": true
        },
        "resolve": {
          "version": "0.3.1",
          "resolved": "https://registry.npmjs.org/resolve/-/resolve-0.3.1.tgz",
          "integrity": "sha1-NMY0R8ZkxwWY0cmxJvxDsqJDEKQ=",
          "dev": true
        },
        "through": {
          "version": "2.2.7",
          "resolved": "http://registry.npmjs.org/through/-/through-2.2.7.tgz",
          "integrity": "sha1-bo4hIAGR1OtqmfbwEN9Gqhxusr0=",
          "dev": true
        }
      }
    },
    "mustache": {
      "version": "0.4.0",
      "resolved": "http://registry.npmjs.org/mustache/-/mustache-0.4.0.tgz",
      "integrity": "sha1-Ses7xg/UERnFDIeqcGfvY9FZK90="
    },
    "node-uuid": {
      "version": "1.3.3",
      "resolved": "https://registry.npmjs.org/node-uuid/-/node-uuid-1.3.3.tgz",
      "integrity": "sha1-09tNe1aBDZ5AMjQnZigq8HORcps=",
      "dev": true
    },
    "nub": {
      "version": "0.0.0",
      "resolved": "https://registry.npmjs.org/nub/-/nub-0.0.0.tgz",
      "integrity": "sha1-s2m9Mr3eZq9ZYFw7BSC8IZ3MwE8=",
      "dev": true
    },
    "opaque": {
      "version": "0.0.1",
      "resolved": "https://registry.npmjs.org/opaque/-/opaque-0.0.1.tgz",
      "integrity": "sha1-9o1fE6O8ifgvqQH2eetztOFHFc4="
    },
    "optimist": {
      "version": "0.3.7",
      "resolved": "https://registry.npmjs.org/optimist/-/optimist-0.3.7.tgz",
      "integrity": "sha1-yQlBrVnkJzMokjB00s8ufLxuwNk=",
      "dev": true,
      "requires": {
        "wordwrap": "~0.0.2"
      }
    },
    "painterly-textures": {
      "version": "0.0.3",
      "resolved": "https://registry.npmjs.org/painterly-textures/-/painterly-textures-0.0.3.tgz",
      "integrity": "sha1-cCPFdh67NHSmAjw3DTcW2vx1Lrc=",
      "dev": true
    },
    "parse-base64vlq-mappings": {
      "version": "0.1.4",
      "resolved": "https://registry.npmjs.org/parse-base64vlq-mappings/-/parse-base64vlq-mappings-0.1.4.tgz",
      "integrity": "sha1-/PXd3tOaAQ3449xgnIbtAQF9+pg=",
      "dev": true
    },
    "pin-it": {
      "version": "0.0.1",
      "resolved": "https://registry.npmjs.org/pin-it/-/pin-it-0.0.1.tgz",
      "integrity": "sha1-z4QQGf++aMocBrSNyhQ2E4VghcI="
    },
    "pointer-lock": {
      "version": "0.0.3",
      "resolved": "https://registry.npmjs.org/pointer-lock/-/pointer-lock-0.0.3.tgz",
      "integrity": "sha1-KwZ1ykgkw95Qly0aKDCb584KNfc="
    },
    "process": {
      "version": "0.5.2",
      "resolved": "https://registry.npmjs.org/process/-/process-0.5.2.tgz",
      "integrity": "sha1-FjjYqONML0QKkduVq5rrZ3/Bhc8=",
      "dev": true
    },
    "raf": {
      "version": "0.0.1",
      "resolved": "http://registry.npmjs.org/raf/-/raf-0.0.1.tgz",
      "integrity": "sha1-HN2qYFSsfEB+8DcTGVWp1YYZhvw="
    },
    "reconnect": {
      "version": "0.1.5",
      "resolved": "http://registry.npmjs.org/reconnect/-/reconnect-0.1.5.tgz",
      "integrity": "sha1-3/6iUtYb6/swLsFwzvc9LS52WPI=",
      "dev": true,
      "requires": {
        "backoff": "~1.0.0",
        "h": "~0.1.0",
        "shoe": "~0.0.7"
      },
      "dependencies": {
        "shoe": {
          "version": "0.0.15",
          "resolved": "https://registry.npmjs.org/shoe/-/shoe-0.0.15.tgz",
          "integrity": "sha1-uu2PGn8I9TC2bwkUKH/KplsSRDo=",
          "dev": true,
          "requires": {
            "sockjs": "0.3.7",
            "sockjs-client": "*"
          },
          "dependencies": {
            "sockjs-client": {
              "version": "0.0.0-unreleasable",
              "bundled": true,
              "dev": true
            }
          }
        }
      }
    },
    "resolve": {
      "version": "0.2.8",
      "resolved": "https://registry.npmjs.org/resolve/-/resolve-0.2.8.tgz",
      "integrity": "sha1-/bF9SrsOyvb4DWesA88pAIj2wNA=",
      "dev": true
    },
    "response-stream": {
      "version": "0.0.0",
      "resolved": "https://registry.npmjs.org/response-stream/-/response-stream-0.0.0.tgz",
      "integrity": "sha1-2ksXzHaEyYyWK+tNlfZoyNytCdU=",
      "dev": true
    },
    "rfile": {
      "version": "1.0.0",
      "resolved": "https://registry.npmjs.org/rfile/-/rfile-1.0.0.tgz",
      "integrity": "sha1-WXCM+Qyh50xUw8/Fw2/bmBBDUmE=",
      "dev": true,
      "requires": {
        "callsite": "~1.0.0",
        "resolve": "~0.3.0"
      },
      "dependencies": {
        "resolve": {
          "version": "0.3.1",
          "resolved": "https://registry.npmjs.org/resolve/-/resolve-0.3.1.tgz",
          "integrity": "sha1-NMY0R8ZkxwWY0cmxJvxDsqJDEKQ=",
          "dev": true
        }
      }
    },
    "ruglify": {
      "version": "1.0.0",
      "resolved": "https://registry.npmjs.org/ruglify/-/ruglify-1.0.0.tgz",
      "integrity": "sha1-3Ikw4qlUSidDAcyZcldMDQmGtnU=",
      "dev": true,
      "requires": {
        "rfile": "~1.0",
        "uglify-js": "~2.2"
      },
      "dependencies": {
        "uglify-js": {
          "version": "2.2.5",
          "resolved": "http://registry.npmjs.org/uglify-js/-/uglify-js-2.2.5.tgz",
          "integrity": "sha1-puAqcNg5eSuXgEiLe4sYTAlcmcc=",
          "dev": true,
          "requires": {
            "optimist": "~0.3.5",
            "source-map": "~0.1.7"
          }
        }
      }
    },
    "shell-quote": {
      "version": "0.0.1",
      "resolved": "https://registry.npmjs.org/shell-quote/-/shell-quote-0.0.1.tgz",
      "integrity": "sha1-GkEZbzwDM8SCMjWT1ohuzxU92YY=",
      "dev": true
    },
    "shoe": {
      "version": "0.0.5",
      "resolved": "https://registry.npmjs.org/shoe/-/shoe-0.0.5.tgz",
      "integrity": "sha1-e0LcIKymMWasV/FIUtSVoczT+7M=",
      "dev": true,
      "requires": {
        "sockjs-client": "git://github.com/substack/sockjs-client.git#40d48d06b4dba884416bf88a051f76ca3c8ffcae",
        "sockjs-windows": "~0.3.1"
      }
    },
    "sockjs": {
      "version": "0.3.7",
      "resolved": "https://registry.npmjs.org/sockjs/-/sockjs-0.3.7.tgz",
      "integrity": "sha1-KVDgWG2KnTBElYqDGt5o2xl3Scs=",
      "dev": true,
      "requires": {
        "faye-websocket": "0.4.4",
        "node-uuid": "1.3.3"
      }
    },
    "sockjs-client": {
      "version": "git://github.com/substack/sockjs-client.git#40d48d06b4dba884416bf88a051f76ca3c8ffcae",
      "from": "git://github.com/substack/sockjs-client.git#browserify-npm",
      "dev": true
    },
    "sockjs-windows": {
      "version": "0.3.1",
      "resolved": "https://registry.npmjs.org/sockjs-windows/-/sockjs-windows-0.3.1.tgz",
      "integrity": "sha1-mYWk5DV5HXaUCCmZVL2W3lacj/Y=",
      "dev": true,
      "requires": {
        "faye-websocket": "0.4.0",
        "node-uuid": "1.3.3"
      },
      "dependencies": {
        "faye-websocket": {
          "version": "0.4.0",
          "resolved": "https://registry.npmjs.org/faye-websocket/-/faye-websocket-0.4.0.tgz",
          "integrity": "sha1-6aj8az5aYQ8zCOi5eCh2oBp0V5k=",
          "dev": true
        }
      }
    },
    "source-map": {
      "version": "0.1.43",
      "resolved": "https://registry.npmjs.org/source-map/-/source-map-0.1.43.tgz",
      "integrity": "sha1-wkvBRspRfBRx9drL4lcbK3+eM0Y=",
      "dev": true,
      "requires": {
        "amdefine": ">=0.0.4"
      }
    },
    "spatial-events": {
      "version": "0.0.1",
      "resolved": "https://registry.npmjs.org/spatial-events/-/spatial-events-0.0.1.tgz",
      "integrity": "sha1-Kpk+PUlIrPD3eTTYyBVYY+HDB28=",
      "requires": {
        "aabb-3d": "0.X.X"
      }
    },
    "spatial-trigger": {
      "version": "0.0.0",
      "resolved": "https://registry.npmjs.org/spatial-trigger/-/spatial-trigger-0.0.0.tgz",
      "integrity": "sha1-aHlL4ekR5/rmoFpP81ADyB23nFM="
    },
    "syntax-error": {
      "version": "0.0.1",
      "resolved": "https://registry.npmjs.org/syntax-error/-/syntax-error-0.0.1.tgz",
      "integrity": "sha1-AZ0HU0jNjFt58GA8c+U4kafFI10=",
      "dev": true,
      "requires": {
        "esprima": "~0.9.9"
      }
    },
    "three": {
      "version": "0.56.0",
      "resolved": "http://registry.npmjs.org/three/-/three-0.56.0.tgz",
      "integrity": "sha1-jEfFi4KU6GUoxm3gSqcMlocVvTE="
    },
    "through": {
      "version": "1.1.2",
      "resolved": "http://registry.npmjs.org/through/-/through-1.1.2.tgz",
      "integrity": "sha1-NEpUJaN3MxTKfg62US+6+vdsC/4="
    },
    "to-utf8": {
      "version": "0.0.1",
      "resolved": "https://registry.npmjs.org/to-utf8/-/to-utf8-0.0.1.tgz",
      "integrity": "sha1-0Xrqcv8vujm55DYBvns/9y4ImFI=",
      "dev": true
    },
    "toolbar": {
      "version": "0.0.5",
      "resolved": "https://registry.npmjs.org/toolbar/-/toolbar-0.0.5.tgz",
      "integrity": "sha1-IfEwvmhfZlKWRzn6NMYRWYOLNHQ=",
      "requires": {
        "element-class": "0.0.2",
        "inherits": "1.0.0"
      }
    },
    "uglify-js": {
      "version": "1.3.4",
      "resolved": "http://registry.npmjs.org/uglify-js/-/uglify-js-1.3.4.tgz",
      "integrity": "sha1-KCzsQNtWh5jg7G1x0MmJ0yPwY2s=",
      "dev": true
    },
    "umd": {
      "version": "1.1.1",
      "resolved": "https://registry.npmjs.org/umd/-/umd-1.1.1.tgz",
      "integrity": "sha1-SBtkZVsbPbDB85ECJcOAT8bX7Fg=",
      "dev": true,
      "requires": {
        "rfile": "~1.0.0",
        "ruglify": "~1.0.0",
        "through": "~2.3.1",
        "uglify-js": "~2.2.5"
      },
      "dependencies": {
        "through": {
          "version": "2.3.8",
          "resolved": "http://registry.npmjs.org/through/-/through-2.3.8.tgz",
          "integrity": "sha1-DdTJ/6q8NXlgsbckEV1+Doai4fU=",
          "dev": true
        },
        "uglify-js": {
          "version": "2.2.5",
          "resolved": "http://registry.npmjs.org/uglify-js/-/uglify-js-2.2.5.tgz",
          "integrity": "sha1-puAqcNg5eSuXgEiLe4sYTAlcmcc=",
          "dev": true,
          "requires": {
            "optimist": "~0.3.5",
            "source-map": "~0.1.7"
          }
        }
      }
    },
    "underscore": {
      "version": "1.4.4",
      "resolved": "https://registry.npmjs.org/underscore/-/underscore-1.4.4.tgz",
      "integrity": "sha1-YaajIBBiKvoHljvzJSA88SI51gQ="
    },
    "vkey": {
      "version": "1.0.1",
      "resolved": "https://registry.npmjs.org/vkey/-/vkey-1.0.1.tgz",
      "integrity": "sha1-ccVqy3WegDIcldYWwrf8VQWRgcA="
    },
    "vm-browserify": {
      "version": "0.0.4",
      "resolved": "https://registry.npmjs.org/vm-browserify/-/vm-browserify-0.0.4.tgz",
      "integrity": "sha1-XX6kW7755Kb/ZflUOOCofDV9WnM=",
      "dev": true,
      "requires": {
        "indexof": "0.0.1"
      }
    },
    "voxel": {
      "version": "0.3.1",
      "resolved": "https://registry.npmjs.org/voxel/-/voxel-0.3.1.tgz",
      "integrity": "sha1-qXF6djX+HpQxt48XKBI4Wph3fhs=",
      "requires": {
        "inherits": "1.0.0"
      }
    },
    "voxel-camera": {
      "version": "0.1.1",
      "resolved": "https://registry.npmjs.org/voxel-camera/-/voxel-camera-0.1.1.tgz",
      "integrity": "sha1-0I/PK5Z24cLQiNgXic8LemUeuBA="
    },
    "voxel-chunks": {
      "version": "0.0.2",
      "resolved": "https://registry.npmjs.org/voxel-chunks/-/voxel-chunks-0.0.2.tgz",
      "integrity": "sha1-fTbn9sSt1Ro0xWU7oBZuVU12qfg=",
      "requires": {
        "inherits": "~1.0.0",
        "voxel": "~0.1.1",
        "voxel-mesh": "~0.1.0"
      },
      "dependencies": {
        "three": {
          "version": "0.54.0",
          "resolved": "http://registry.npmjs.org/three/-/three-0.54.0.tgz",
          "integrity": "sha1-IegtxYso+Ir18pouWD2mChHSdCE="
        },
        "voxel": {
          "version": "0.1.5",
          "resolved": "https://registry.npmjs.org/voxel/-/voxel-0.1.5.tgz",
          "integrity": "sha1-BHIMMjYETpA54CeX7EVyUhtJ3gw=",
          "requires": {
            "inherits": "1.0.0"
          }
        },
        "voxel-mesh": {
          "version": "0.1.1",
          "resolved": "https://registry.npmjs.org/voxel-mesh/-/voxel-mesh-0.1.1.tgz",
          "integrity": "sha1-B4jocpalY9WxOQ2rFJbKWSN3Ny4=",
          "requires": {
            "three": "0.54.0"
          }
        }
      }
    },
    "voxel-control": {
      "version": "0.0.7",
      "resolved": "https://registry.npmjs.org/voxel-control/-/voxel-control-0.0.7.tgz",
      "integrity": "sha1-Y6R60d6uTZm090dcdrQBu+bvucc="
    },
    "voxel-engine": {
      "version": "0.16.3",
      "resolved": "https://registry.npmjs.org/voxel-engine/-/voxel-engine-0.16.3.tgz",
      "integrity": "sha1-GS300/xfg2kMGc+BPyytgLS3v4w=",
      "requires": {
        "aabb-3d": "0.0.0",
        "collide-3d-tilemap": "0.0.1",
        "gl-matrix": "2.0.0",
        "inherits": "1.0.0",
        "interact": "0.0.2",
        "kb-controls": "0.0.2",
        "pin-it": "0.0.1",
        "raf": "0.0.1",
        "spatial-events": "0.0.1",
        "spatial-trigger": "0.0.0",
        "three": "0.56.0",
        "voxel": "0.3.1",
        "voxel-chunks": "0.0.2",
        "voxel-control": "0.0.7",
        "voxel-mesh": "0.2.1",
        "voxel-physical": "0.0.8",
        "voxel-raycast": "0.2.1",
        "voxel-region-change": "0.1.0",
        "voxel-texture": "0.4.0",
        "voxel-view": "0.0.6"
      }
    },
    "voxel-fly": {
      "version": "0.1.2",
      "resolved": "https://registry.npmjs.org/voxel-fly/-/voxel-fly-0.1.2.tgz",
      "integrity": "sha1-O1DqRUeAchaDXKaAYD74ZNozhf8=",
      "requires": {
        "ever": "0.0.3",
        "vkey": "0.0.2"
      },
      "dependencies": {
        "vkey": {
          "version": "0.0.2",
          "resolved": "https://registry.npmjs.org/vkey/-/vkey-0.0.2.tgz",
          "integrity": "sha1-ueHPGiM7+E3+akXu8/zt0Cd+zWU="
        }
      }
    },
    "voxel-hello-world": {
      "version": "0.4.2",
      "resolved": "https://registry.npmjs.org/voxel-hello-world/-/voxel-hello-world-0.4.2.tgz",
      "integrity": "sha1-+tm7H4BoZwLoZScZTjYOe6n8y2o=",
      "dev": true,
      "requires": {
        "extend": "1.1.3",
        "painterly-textures": "0.0.3",
        "toolbar": "0.0.5",
        "voxel": "0.3.1",
        "voxel-engine": "~0.16.0",
        "voxel-highlight": "0.0.8",
        "voxel-player": "0.1.0"
      },
      "dependencies": {
        "underscore": {
          "version": "1.4.3",
          "resolved": "https://registry.npmjs.org/underscore/-/underscore-1.4.3.tgz",
          "integrity": "sha1-s9Cqoe502IbqTyZIAhpPitd57R0=",
          "dev": true
        },
        "voxel-highlight": {
          "version": "0.0.8",
          "resolved": "https://registry.npmjs.org/voxel-highlight/-/voxel-highlight-0.0.8.tgz",
          "integrity": "sha1-iio74+2x4NNQDllCTboFZ9S/NTQ=",
          "dev": true,
          "requires": {
            "inherits": "1.0.0",
            "underscore": "1.4.3"
          }
        }
      }
    },
    "voxel-highlight": {
      "version": "0.0.9",
      "resolved": "https://registry.npmjs.org/voxel-highlight/-/voxel-highlight-0.0.9.tgz",
      "integrity": "sha1-GcHaOOvxVZU4HWftuy8CXLqXAv8=",
      "requires": {
        "inherits": "1.0.0",
        "underscore": "1.4.4"
      }
    },
    "voxel-mesh": {
      "version": "0.2.1",
      "resolved": "https://registry.npmjs.org/voxel-mesh/-/voxel-mesh-0.2.1.tgz",
      "integrity": "sha1-a3U55G4IQ13cs+58y2ovUUTuymk="
    },
    "voxel-physical": {
      "version": "0.0.8",
      "resolved": "https://registry.npmjs.org/voxel-physical/-/voxel-physical-0.0.8.tgz",
      "integrity": "sha1-yxxPd1bzVUJcPIQoCy5vByiFeJ0=",
      "requires": {
        "aabb-3d": "0.0.X",
        "three": "0.X.X"
      }
    },
    "voxel-player": {
      "version": "0.1.0",
      "resolved": "https://registry.npmjs.org/voxel-player/-/voxel-player-0.1.0.tgz",
      "integrity": "sha1-2s+vDmDkLshHMv62tPBdXfAKZL4=",
      "dev": true,
      "requires": {
        "minecraft-skin": "~0.1.0"
      }
    },
    "voxel-raycast": {
      "version": "0.2.1",
      "resolved": "https://registry.npmjs.org/voxel-raycast/-/voxel-raycast-0.2.1.tgz",
      "integrity": "sha1-Yee7Auk0sIJlo+2B42izU7yk+44="
    },
    "voxel-region-change": {
      "version": "0.1.0",
      "resolved": "https://registry.npmjs.org/voxel-region-change/-/voxel-region-change-0.1.0.tgz",
      "integrity": "sha1-/hLTBZEXhpOtfBAogwnILvqlWNw=",
      "requires": {
        "aabb-3d": "0.0.0"
      }
    },
    "voxel-select": {
      "version": "0.2.2",
      "resolved": "https://registry.npmjs.org/voxel-select/-/voxel-select-0.2.2.tgz",
      "integrity": "sha1-yiQaHVxJ+ZiR+ALc6OrTjedEILM=",
      "requires": {
        "inherits": "1.0.0"
      }
    },
    "voxel-stop-motion": {
      "version": "0.0.0",
      "resolved": "https://registry.npmjs.org/voxel-stop-motion/-/voxel-stop-motion-0.0.0.tgz",
      "integrity": "sha1-ft4AspBXO5OX+Lx8eD6Js7zX9wQ=",
      "requires": {
        "voxel-camera": "~0.1.1"
      }
    },
    "voxel-texture": {
      "version": "0.4.0",
      "resolved": "https://registry.npmjs.org/voxel-texture/-/voxel-texture-0.4.0.tgz",
      "integrity": "sha1-X7tcapYLr/2KjZVP8mc0IpXx/vU=",
      "requires": {
        "opaque": "0.0.1"
      }
    },
    "voxel-transforms": {
      "version": "0.3.0",
      "resolved": "https://registry.npmjs.org/voxel-transforms/-/voxel-transforms-0.3.0.tgz",
      "integrity": "sha1-JGNdFq1QdInM4aqgPAgb04J6cc8="
    },
    "voxel-view": {
      "version": "0.0.6",
      "resolved": "https://registry.npmjs.org/voxel-view/-/voxel-view-0.0.6.tgz",
      "integrity": "sha1-tJJPL8Homni7My77yZ4pZk1idMg="
    },
    "watchr": {
      "version": "2.1.6",
      "resolved": "https://registry.npmjs.org/watchr/-/watchr-2.1.6.tgz",
      "integrity": "sha1-bciVv2yVq29eBtgRlIsyCphBOJE=",
      "dev": true,
      "requires": {
        "bal-util": "1.13.x"
      }
    },
    "wordwrap": {
      "version": "0.0.3",
      "resolved": "https://registry.npmjs.org/wordwrap/-/wordwrap-0.0.3.tgz",
      "integrity": "sha1-o9XabNXAvAAI03I0u68b7WMFkQc=",
      "dev": true
    },
    "zlib-browserify": {
      "version": "0.0.1",
      "resolved": "https://registry.npmjs.org/zlib-browserify/-/zlib-browserify-0.0.1.tgz",
      "integrity": "sha1-T6akXQDbwV8xikr6HZr8Aljhdsw=",
      "dev": true
    }
  }
}
